
Microsoft Visual Studio Solution File, Format Version 12.00
# Visual Studio Version 17
VisualStudioVersion = 17.7.34221.43
MinimumVisualStudioVersion = 10.0.40219.1
Project("{FAE04EC0-301F-11D3-BF4B-00C04F79EFBC}") = "zad5.2", "zad5.2\zad5.2.csproj", "{5B261392-667C-4693-B688-307EB3926612}"
EndProject
Global
	GlobalSection(SolutionConfigurationPlatforms) = preSolution
		Debug|Any CPU = Debug|Any CPU
		Release|Any CPU = Release|Any CPU
	EndGlobalSection
	GlobalSection(ProjectConfigurationPlatforms) = postSolution
		{5B261392-667C-4693-B688-307EB3926612}.Debug|Any CPU.ActiveCfg = Debug|Any CPU
		{5B261392-667C-4693-B688-307EB3926612}.Debug|Any CPU.Build.0 = Debug|Any CPU
		{5B261392-667C-4693-B688-307EB3926612}.Release|Any CPU.ActiveCfg = Release|Any CPU
		{5B261392-667C-4693-B688-307EB3926612}.Release|Any CPU.Build.0 = Release|Any CPU
	EndGlobalSection
	GlobalSection(SolutionProperties) = preSolution
		HideSolutionNode = FALSE
	EndGlobalSection
	GlobalSection(ExtensibilityGlobals) = postSolution
		SolutionGuid = {6D50E4FF-93F9-43E9-9D24-6B9203E882C0}
	EndGlobalSection
EndGlobal
