
Microsoft Visual Studio Solution File, Format Version 12.00
# Visual Studio Version 17
VisualStudioVersion = 17.7.34221.43
MinimumVisualStudioVersion = 10.0.40219.1
Project("{FAE04EC0-301F-11D3-BF4B-00C04F79EFBC}") = "kontrolno_1", "kontrolno_1\kontrolno_1.csproj", "{9BF35247-C986-4D8A-8AEC-F5BF72382CD9}"
EndProject
Global
	GlobalSection(SolutionConfigurationPlatforms) = preSolution
		Debug|Any CPU = Debug|Any CPU
		Release|Any CPU = Release|Any CPU
	EndGlobalSection
	GlobalSection(ProjectConfigurationPlatforms) = postSolution
		{9BF35247-C986-4D8A-8AEC-F5BF72382CD9}.Debug|Any CPU.ActiveCfg = Debug|Any CPU
		{9BF35247-C986-4D8A-8AEC-F5BF72382CD9}.Debug|Any CPU.Build.0 = Debug|Any CPU
		{9BF35247-C986-4D8A-8AEC-F5BF72382CD9}.Release|Any CPU.ActiveCfg = Release|Any CPU
		{9BF35247-C986-4D8A-8AEC-F5BF72382CD9}.Release|Any CPU.Build.0 = Release|Any CPU
	EndGlobalSection
	GlobalSection(SolutionProperties) = preSolution
		HideSolutionNode = FALSE
	EndGlobalSection
	GlobalSection(ExtensibilityGlobals) = postSolution
		SolutionGuid = {ADB9AE91-0769-4CA6-BC81-F609C7D6867F}
	EndGlobalSection
EndGlobal
