
Microsoft Visual Studio Solution File, Format Version 12.00
# Visual Studio Version 17
VisualStudioVersion = 17.0.32014.148
MinimumVisualStudioVersion = 10.0.40219.1
Project("{FAE04EC0-301F-11D3-BF4B-00C04F79EFBC}") = "lab3.3", "lab3.3\lab3.3.csproj", "{C4B06524-49C4-4F0A-A7CF-A7EF4821349F}"
EndProject
Global
	GlobalSection(SolutionConfigurationPlatforms) = preSolution
		Debug|Any CPU = Debug|Any CPU
		Release|Any CPU = Release|Any CPU
	EndGlobalSection
	GlobalSection(ProjectConfigurationPlatforms) = postSolution
		{C4B06524-49C4-4F0A-A7CF-A7EF4821349F}.Debug|Any CPU.ActiveCfg = Debug|Any CPU
		{C4B06524-49C4-4F0A-A7CF-A7EF4821349F}.Debug|Any CPU.Build.0 = Debug|Any CPU
		{C4B06524-49C4-4F0A-A7CF-A7EF4821349F}.Release|Any CPU.ActiveCfg = Release|Any CPU
		{C4B06524-49C4-4F0A-A7CF-A7EF4821349F}.Release|Any CPU.Build.0 = Release|Any CPU
	EndGlobalSection
	GlobalSection(SolutionProperties) = preSolution
		HideSolutionNode = FALSE
	EndGlobalSection
	GlobalSection(ExtensibilityGlobals) = postSolution
		SolutionGuid = {F26B869B-6687-460B-B039-AE18D720C332}
	EndGlobalSection
EndGlobal
