
Microsoft Visual Studio Solution File, Format Version 12.00
# Visual Studio Version 17
VisualStudioVersion = 17.0.32014.148
MinimumVisualStudioVersion = 10.0.40219.1
Project("{FAE04EC0-301F-11D3-BF4B-00C04F79EFBC}") = "Lab_2.3", "Lab_2.3\Lab_2.3.csproj", "{43E25B18-D2B1-48D6-AD4A-40C15CEB4646}"
EndProject
Global
	GlobalSection(SolutionConfigurationPlatforms) = preSolution
		Debug|Any CPU = Debug|Any CPU
		Release|Any CPU = Release|Any CPU
	EndGlobalSection
	GlobalSection(ProjectConfigurationPlatforms) = postSolution
		{43E25B18-D2B1-48D6-AD4A-40C15CEB4646}.Debug|Any CPU.ActiveCfg = Debug|Any CPU
		{43E25B18-D2B1-48D6-AD4A-40C15CEB4646}.Debug|Any CPU.Build.0 = Debug|Any CPU
		{43E25B18-D2B1-48D6-AD4A-40C15CEB4646}.Release|Any CPU.ActiveCfg = Release|Any CPU
		{43E25B18-D2B1-48D6-AD4A-40C15CEB4646}.Release|Any CPU.Build.0 = Release|Any CPU
	EndGlobalSection
	GlobalSection(SolutionProperties) = preSolution
		HideSolutionNode = FALSE
	EndGlobalSection
	GlobalSection(ExtensibilityGlobals) = postSolution
		SolutionGuid = {84144DD1-6560-48A0-AACA-4A243F89507B}
	EndGlobalSection
EndGlobal
